
Microsoft Visual Studio Solution File, Format Version 12.00
# Visual Studio Version 17
VisualStudioVersion = 17.0.31903.59
MinimumVisualStudioVersion = 10.0.40219.1
Project("{2150E333-8FDC-42A3-9474-1A3956D46DE8}") = "Gateways", "Gateways", "{37987121-0510-45DF-8093-734A88B1873B}"
EndProject
Project("{9A19103F-16F7-4668-BE54-9A1E7A4F7556}") = "Snippet.Micro.WebGateway", "Gateways\Snippet.Micro.WebGateway\Snippet.Micro.WebGateway.csproj", "{31C5AE61-FB71-497F-9BA8-003DF754E2F4}"
EndProject
Project("{2150E333-8FDC-42A3-9474-1A3956D46DE8}") = "Infrastructures", "Infrastructures", "{4045B435-93A1-4CFC-A924-F685DD4C8198}"
EndProject
Project("{2150E333-8FDC-42A3-9474-1A3956D46DE8}") = "Services", "Services", "{C4FB72A5-E72A-4881-BA9A-8F1DA299DE00}"
EndProject
Project("{9A19103F-16F7-4668-BE54-9A1E7A4F7556}") = "Snippet.Micro.Consul", "Infrastructures\Snippet.Micro.Consul\Snippet.Micro.Consul.csproj", "{D134F209-51A3-4545-A665-76B45AB83D47}"
EndProject
Project("{9A19103F-16F7-4668-BE54-9A1E7A4F7556}") = "Snippet.Micro.InternalGateway", "Gateways\Snippet.Micro.InternalGateway\Snippet.Micro.InternalGateway.csproj", "{80E5DCC0-2EF2-4ABC-AC7F-14F400840BA6}"
	ProjectSection(ProjectDependencies) = postProject
		{3A88E407-3729-4C04-9BEC-9611B2DB8846} = {3A88E407-3729-4C04-9BEC-9611B2DB8846}
		{AB68D534-F621-4A11-BBAB-769BAD46592A} = {AB68D534-F621-4A11-BBAB-769BAD46592A}
	EndProjectSection
EndProject
Project("{9A19103F-16F7-4668-BE54-9A1E7A4F7556}") = "Snippet.Micro.Yarp", "Infrastructures\Snippet.Micro.Yarp\Snippet.Micro.Yarp.csproj", "{A3A14AC4-ACFC-4CD0-8B10-FC2BB3A50626}"
EndProject
Project("{9A19103F-16F7-4668-BE54-9A1E7A4F7556}") = "Snippet.Micro.TestService", "Services\Snippet.Micro.TestService\Snippet.Micro.TestService.csproj", "{3A88E407-3729-4C04-9BEC-9611B2DB8846}"
EndProject
Project("{9A19103F-16F7-4668-BE54-9A1E7A4F7556}") = "Snippet.Micro.Identity", "Services\Snippet.Micro.Identity\Snippet.Micro.Identity.csproj", "{AB68D534-F621-4A11-BBAB-769BAD46592A}"
EndProject
Project("{9A19103F-16F7-4668-BE54-9A1E7A4F7556}") = "Snippet.Micro.MassTransit", "Infrastructures\Snippet.Micro.MassTransit\Snippet.Micro.MassTransit.csproj", "{39666CB6-797D-43D6-9124-9A1EDAC0C7AC}"
EndProject
Project("{FAE04EC0-301F-11D3-BF4B-00C04F79EFBC}") = "Snippet.Micro.Serilog", "Infrastructures\Snippet.Micro.Serilog\Snippet.Micro.Serilog.csproj", "{3C85E296-A1D2-4BAB-B64E-1FB842162B3A}"
EndProject
Global
	GlobalSection(SolutionConfigurationPlatforms) = preSolution
		Debug|Any CPU = Debug|Any CPU
		Release|Any CPU = Release|Any CPU
	EndGlobalSection
	GlobalSection(ProjectConfigurationPlatforms) = postSolution
		{31C5AE61-FB71-497F-9BA8-003DF754E2F4}.Debug|Any CPU.ActiveCfg = Debug|Any CPU
		{31C5AE61-FB71-497F-9BA8-003DF754E2F4}.Debug|Any CPU.Build.0 = Debug|Any CPU
		{31C5AE61-FB71-497F-9BA8-003DF754E2F4}.Release|Any CPU.ActiveCfg = Release|Any CPU
		{31C5AE61-FB71-497F-9BA8-003DF754E2F4}.Release|Any CPU.Build.0 = Release|Any CPU
		{D134F209-51A3-4545-A665-76B45AB83D47}.Debug|Any CPU.ActiveCfg = Debug|Any CPU
		{D134F209-51A3-4545-A665-76B45AB83D47}.Debug|Any CPU.Build.0 = Debug|Any CPU
		{D134F209-51A3-4545-A665-76B45AB83D47}.Release|Any CPU.ActiveCfg = Release|Any CPU
		{D134F209-51A3-4545-A665-76B45AB83D47}.Release|Any CPU.Build.0 = Release|Any CPU
		{80E5DCC0-2EF2-4ABC-AC7F-14F400840BA6}.Debug|Any CPU.ActiveCfg = Debug|Any CPU
		{80E5DCC0-2EF2-4ABC-AC7F-14F400840BA6}.Debug|Any CPU.Build.0 = Debug|Any CPU
		{80E5DCC0-2EF2-4ABC-AC7F-14F400840BA6}.Release|Any CPU.ActiveCfg = Release|Any CPU
		{80E5DCC0-2EF2-4ABC-AC7F-14F400840BA6}.Release|Any CPU.Build.0 = Release|Any CPU
		{A3A14AC4-ACFC-4CD0-8B10-FC2BB3A50626}.Debug|Any CPU.ActiveCfg = Debug|Any CPU
		{A3A14AC4-ACFC-4CD0-8B10-FC2BB3A50626}.Debug|Any CPU.Build.0 = Debug|Any CPU
		{A3A14AC4-ACFC-4CD0-8B10-FC2BB3A50626}.Release|Any CPU.ActiveCfg = Release|Any CPU
		{A3A14AC4-ACFC-4CD0-8B10-FC2BB3A50626}.Release|Any CPU.Build.0 = Release|Any CPU
		{3A88E407-3729-4C04-9BEC-9611B2DB8846}.Debug|Any CPU.ActiveCfg = Debug|Any CPU
		{3A88E407-3729-4C04-9BEC-9611B2DB8846}.Debug|Any CPU.Build.0 = Debug|Any CPU
		{3A88E407-3729-4C04-9BEC-9611B2DB8846}.Release|Any CPU.ActiveCfg = Release|Any CPU
		{3A88E407-3729-4C04-9BEC-9611B2DB8846}.Release|Any CPU.Build.0 = Release|Any CPU
		{AB68D534-F621-4A11-BBAB-769BAD46592A}.Debug|Any CPU.ActiveCfg = Debug|Any CPU
		{AB68D534-F621-4A11-BBAB-769BAD46592A}.Debug|Any CPU.Build.0 = Debug|Any CPU
		{AB68D534-F621-4A11-BBAB-769BAD46592A}.Release|Any CPU.ActiveCfg = Release|Any CPU
		{AB68D534-F621-4A11-BBAB-769BAD46592A}.Release|Any CPU.Build.0 = Release|Any CPU
		{39666CB6-797D-43D6-9124-9A1EDAC0C7AC}.Debug|Any CPU.ActiveCfg = Debug|Any CPU
		{39666CB6-797D-43D6-9124-9A1EDAC0C7AC}.Debug|Any CPU.Build.0 = Debug|Any CPU
		{39666CB6-797D-43D6-9124-9A1EDAC0C7AC}.Release|Any CPU.ActiveCfg = Release|Any CPU
		{39666CB6-797D-43D6-9124-9A1EDAC0C7AC}.Release|Any CPU.Build.0 = Release|Any CPU
		{3C85E296-A1D2-4BAB-B64E-1FB842162B3A}.Debug|Any CPU.ActiveCfg = Debug|Any CPU
		{3C85E296-A1D2-4BAB-B64E-1FB842162B3A}.Debug|Any CPU.Build.0 = Debug|Any CPU
		{3C85E296-A1D2-4BAB-B64E-1FB842162B3A}.Release|Any CPU.ActiveCfg = Release|Any CPU
		{3C85E296-A1D2-4BAB-B64E-1FB842162B3A}.Release|Any CPU.Build.0 = Release|Any CPU
	EndGlobalSection
	GlobalSection(SolutionProperties) = preSolution
		HideSolutionNode = FALSE
	EndGlobalSection
	GlobalSection(NestedProjects) = preSolution
		{31C5AE61-FB71-497F-9BA8-003DF754E2F4} = {37987121-0510-45DF-8093-734A88B1873B}
		{D134F209-51A3-4545-A665-76B45AB83D47} = {4045B435-93A1-4CFC-A924-F685DD4C8198}
		{80E5DCC0-2EF2-4ABC-AC7F-14F400840BA6} = {37987121-0510-45DF-8093-734A88B1873B}
		{A3A14AC4-ACFC-4CD0-8B10-FC2BB3A50626} = {4045B435-93A1-4CFC-A924-F685DD4C8198}
		{3A88E407-3729-4C04-9BEC-9611B2DB8846} = {C4FB72A5-E72A-4881-BA9A-8F1DA299DE00}
		{AB68D534-F621-4A11-BBAB-769BAD46592A} = {C4FB72A5-E72A-4881-BA9A-8F1DA299DE00}
		{39666CB6-797D-43D6-9124-9A1EDAC0C7AC} = {4045B435-93A1-4CFC-A924-F685DD4C8198}
		{3C85E296-A1D2-4BAB-B64E-1FB842162B3A} = {4045B435-93A1-4CFC-A924-F685DD4C8198}
	EndGlobalSection
	GlobalSection(ExtensibilityGlobals) = postSolution
		SolutionGuid = {494A0F1F-11A6-4DBF-934E-0B2C6F0B3974}
	EndGlobalSection
EndGlobal
